
Microsoft Visual Studio Solution File, Format Version 12.00
# Visual Studio Version 16
VisualStudioVersion = 16.0.28714.193
MinimumVisualStudioVersion = 10.0.40219.1
Project("{9A19103F-16F7-4668-BE54-9A1E7A4F7556}") = "Demo", "Demo\Demo.csproj", "{D65F5237-69D0-4600-A45E-08F5458398C8}"
EndProject
Project("{FAE04EC0-301F-11D3-BF4B-00C04F79EFBC}") = "Demo.Android", "Demo.Android\Demo.Android.csproj", "{2FFBC2A4-0E43-4390-82C0-A834C36582E8}"
EndProject
Global
	GlobalSection(SolutionConfigurationPlatforms) = preSolution
		Debug|Any CPU = Debug|Any CPU
		Release|Any CPU = Release|Any CPU
	EndGlobalSection
	GlobalSection(ProjectConfigurationPlatforms) = postSolution
		{D65F5237-69D0-4600-A45E-08F5458398C8}.Debug|Any CPU.ActiveCfg = Debug|Any CPU
		{D65F5237-69D0-4600-A45E-08F5458398C8}.Debug|Any CPU.Build.0 = Debug|Any CPU
		{D65F5237-69D0-4600-A45E-08F5458398C8}.Release|Any CPU.ActiveCfg = Release|Any CPU
		{D65F5237-69D0-4600-A45E-08F5458398C8}.Release|Any CPU.Build.0 = Release|Any CPU
		{2FFBC2A4-0E43-4390-82C0-A834C36582E8}.Debug|Any CPU.ActiveCfg = Debug|Any CPU
		{2FFBC2A4-0E43-4390-82C0-A834C36582E8}.Debug|Any CPU.Build.0 = Debug|Any CPU
		{2FFBC2A4-0E43-4390-82C0-A834C36582E8}.Debug|Any CPU.Deploy.0 = Debug|Any CPU
		{2FFBC2A4-0E43-4390-82C0-A834C36582E8}.Release|Any CPU.ActiveCfg = Release|Any CPU
		{2FFBC2A4-0E43-4390-82C0-A834C36582E8}.Release|Any CPU.Build.0 = Release|Any CPU
		{2FFBC2A4-0E43-4390-82C0-A834C36582E8}.Release|Any CPU.Deploy.0 = Release|Any CPU
	EndGlobalSection
	GlobalSection(SolutionProperties) = preSolution
		HideSolutionNode = FALSE
	EndGlobalSection
	GlobalSection(ExtensibilityGlobals) = postSolution
		SolutionGuid = {6D4CD294-61EA-4305-923D-F073121A9782}
	EndGlobalSection
EndGlobal
